// !$*UTF8*$!
{
	archiveVersion = 1;
	classes = {
	};
	objectVersion = 55;
	objects = {

/* Begin PBXBuildFile section */
		04D593924D441940584A7964 /* Pods_voyager.framework in Frameworks */ = {isa = PBXBuildFile; fileRef = 62F392FD73744213AF29CE1B /* Pods_voyager.framework */; };
		B12BDE84288FAA95003361A8 /* DepthSaver.swift in Sources */ = {isa = PBXBuildFile; fileRef = B12BDE83288FAA95003361A8 /* DepthSaver.swift */; };
		B12BDE86288FB6CA003361A8 /* LoopClock.swift in Sources */ = {isa = PBXBuildFile; fileRef = B12BDE85288FB6CA003361A8 /* LoopClock.swift */; };
		B12BDE882890F6B7003361A8 /* ARReceiver.swift in Sources */ = {isa = PBXBuildFile; fileRef = B12BDE872890F6B7003361A8 /* ARReceiver.swift */; };
		B12BDE8A28910A3A003361A8 /* Server.swift in Sources */ = {isa = PBXBuildFile; fileRef = B12BDE8928910A3A003361A8 /* Server.swift */; };
		B12BDE8C2891131F003361A8 /* K.swift in Sources */ = {isa = PBXBuildFile; fileRef = B12BDE8B2891131F003361A8 /* K.swift */; };
		B12BDE8E28911369003361A8 /* secrets.plist in Resources */ = {isa = PBXBuildFile; fileRef = B12BDE8D28911369003361A8 /* secrets.plist */; };
		B17761A1289A1407008AB52D /* ImageResizeExtension.swift in Sources */ = {isa = PBXBuildFile; fileRef = B17761A0289A1407008AB52D /* ImageResizeExtension.swift */; };
		B17761A3289B82F8008AB52D /* 롯데시네마앞_주간.mov in Resources */ = {isa = PBXBuildFile; fileRef = B17761A2289B82F8008AB52D /* 롯데시네마앞_주간.mov */; };
		B17761A5289B8ED7008AB52D /* 관악구청남쪽_주간.mov in Resources */ = {isa = PBXBuildFile; fileRef = B17761A4289B8ED7008AB52D /* 관악구청남쪽_주간.mov */; };
		B17761A7289BAF9D008AB52D /* 낙성대지구대_주간.mov in Resources */ = {isa = PBXBuildFile; fileRef = B17761A6289BAF9D008AB52D /* 낙성대지구대_주간.mov */; };
		B17BF218289D5D1900CA7ABA /* ServerData.swift in Sources */ = {isa = PBXBuildFile; fileRef = B17BF217289D5D1900CA7ABA /* ServerData.swift */; };
		B1CF440A287FAE9A0002B733 /* AppDelegate.swift in Sources */ = {isa = PBXBuildFile; fileRef = B1CF4409287FAE9A0002B733 /* AppDelegate.swift */; };
		B1CF440C287FAE9A0002B733 /* SceneDelegate.swift in Sources */ = {isa = PBXBuildFile; fileRef = B1CF440B287FAE9A0002B733 /* SceneDelegate.swift */; };
		B1CF440E287FAE9A0002B733 /* ViewController.swift in Sources */ = {isa = PBXBuildFile; fileRef = B1CF440D287FAE9A0002B733 /* ViewController.swift */; };
		B1CF4411287FAE9A0002B733 /* Main.storyboard in Resources */ = {isa = PBXBuildFile; fileRef = B1CF440F287FAE9A0002B733 /* Main.storyboard */; };
		B1CF4413287FAE9B0002B733 /* Assets.xcassets in Resources */ = {isa = PBXBuildFile; fileRef = B1CF4412287FAE9B0002B733 /* Assets.xcassets */; };
		B1CF4416287FAE9B0002B733 /* LaunchScreen.storyboard in Resources */ = {isa = PBXBuildFile; fileRef = B1CF4414287FAE9B0002B733 /* LaunchScreen.storyboard */; };
/* End PBXBuildFile section */

/* Begin PBXFileReference section */
		62F392FD73744213AF29CE1B /* Pods_voyager.framework */ = {isa = PBXFileReference; explicitFileType = wrapper.framework; includeInIndex = 0; path = Pods_voyager.framework; sourceTree = BUILT_PRODUCTS_DIR; };
		9A45C0A51F67BE2A04A408B5 /* Pods-voyager.release.xcconfig */ = {isa = PBXFileReference; includeInIndex = 1; lastKnownFileType = text.xcconfig; name = "Pods-voyager.release.xcconfig"; path = "Target Support Files/Pods-voyager/Pods-voyager.release.xcconfig"; sourceTree = "<group>"; };
		B107ED4B288116650071DE5E /* 0715 관정1.mov */ = {isa = PBXFileReference; lastKnownFileType = video.quicktime; path = "0715 관정1.mov"; sourceTree = "<group>"; };
		B107ED4C288116650071DE5E /* 0715 관정2.mov */ = {isa = PBXFileReference; lastKnownFileType = video.quicktime; path = "0715 관정2.mov"; sourceTree = "<group>"; };
		B12BDE83288FAA95003361A8 /* DepthSaver.swift */ = {isa = PBXFileReference; lastKnownFileType = sourcecode.swift; path = DepthSaver.swift; sourceTree = "<group>"; };
		B12BDE85288FB6CA003361A8 /* LoopClock.swift */ = {isa = PBXFileReference; lastKnownFileType = sourcecode.swift; path = LoopClock.swift; sourceTree = "<group>"; };
		B12BDE872890F6B7003361A8 /* ARReceiver.swift */ = {isa = PBXFileReference; fileEncoding = 4; lastKnownFileType = sourcecode.swift; path = ARReceiver.swift; sourceTree = "<group>"; };
		B12BDE8928910A3A003361A8 /* Server.swift */ = {isa = PBXFileReference; lastKnownFileType = sourcecode.swift; path = Server.swift; sourceTree = "<group>"; };
		B12BDE8B2891131F003361A8 /* K.swift */ = {isa = PBXFileReference; lastKnownFileType = sourcecode.swift; path = K.swift; sourceTree = "<group>"; };
		B12BDE8D28911369003361A8 /* secrets.plist */ = {isa = PBXFileReference; fileEncoding = 4; lastKnownFileType = text.plist.xml; path = secrets.plist; sourceTree = "<group>"; };
		B17761A0289A1407008AB52D /* ImageResizeExtension.swift */ = {isa = PBXFileReference; lastKnownFileType = sourcecode.swift; path = ImageResizeExtension.swift; sourceTree = "<group>"; };
		B17761A2289B82F8008AB52D /* 롯데시네마앞_주간.mov */ = {isa = PBXFileReference; lastKnownFileType = video.quicktime; path = "롯데시네마앞_주간.mov"; sourceTree = "<group>"; };
		B17761A4289B8ED7008AB52D /* 관악구청남쪽_주간.mov */ = {isa = PBXFileReference; lastKnownFileType = video.quicktime; path = "관악구청남쪽_주간.mov"; sourceTree = "<group>"; };
		B17761A6289BAF9D008AB52D /* 낙성대지구대_주간.mov */ = {isa = PBXFileReference; lastKnownFileType = video.quicktime; path = "낙성대지구대_주간.mov"; sourceTree = "<group>"; };
		B17BF217289D5D1900CA7ABA /* ServerData.swift */ = {isa = PBXFileReference; lastKnownFileType = sourcecode.swift; path = ServerData.swift; sourceTree = "<group>"; };
		B1CF4406287FAE9A0002B733 /* voyager.app */ = {isa = PBXFileReference; explicitFileType = wrapper.application; includeInIndex = 0; path = voyager.app; sourceTree = BUILT_PRODUCTS_DIR; };
		B1CF4409287FAE9A0002B733 /* AppDelegate.swift */ = {isa = PBXFileReference; lastKnownFileType = sourcecode.swift; path = AppDelegate.swift; sourceTree = "<group>"; };
		B1CF440B287FAE9A0002B733 /* SceneDelegate.swift */ = {isa = PBXFileReference; lastKnownFileType = sourcecode.swift; path = SceneDelegate.swift; sourceTree = "<group>"; };
		B1CF440D287FAE9A0002B733 /* ViewController.swift */ = {isa = PBXFileReference; lastKnownFileType = sourcecode.swift; path = ViewController.swift; sourceTree = "<group>"; };
		B1CF4410287FAE9A0002B733 /* Base */ = {isa = PBXFileReference; lastKnownFileType = file.storyboard; name = Base; path = Base.lproj/Main.storyboard; sourceTree = "<group>"; };
		B1CF4412287FAE9B0002B733 /* Assets.xcassets */ = {isa = PBXFileReference; lastKnownFileType = folder.assetcatalog; path = Assets.xcassets; sourceTree = "<group>"; };
		B1CF4415287FAE9B0002B733 /* Base */ = {isa = PBXFileReference; lastKnownFileType = file.storyboard; name = Base; path = Base.lproj/LaunchScreen.storyboard; sourceTree = "<group>"; };
		B1CF4417287FAE9B0002B733 /* Info.plist */ = {isa = PBXFileReference; lastKnownFileType = text.plist.xml; path = Info.plist; sourceTree = "<group>"; };
		B7C1925B3399987118A0E195 /* Pods-voyager.debug.xcconfig */ = {isa = PBXFileReference; includeInIndex = 1; lastKnownFileType = text.xcconfig; name = "Pods-voyager.debug.xcconfig"; path = "Target Support Files/Pods-voyager/Pods-voyager.debug.xcconfig"; sourceTree = "<group>"; };
/* End PBXFileReference section */

/* Begin PBXFrameworksBuildPhase section */
		B1CF4403287FAE9A0002B733 /* Frameworks */ = {
			isa = PBXFrameworksBuildPhase;
			buildActionMask = 2147483647;
			files = (
				04D593924D441940584A7964 /* Pods_voyager.framework in Frameworks */,
			);
			runOnlyForDeploymentPostprocessing = 0;
		};
/* End PBXFrameworksBuildPhase section */

/* Begin PBXGroup section */
		B107ED4D28811BCC0071DE5E /* ReplayData */ = {
			isa = PBXGroup;
			children = (
				B17761A6289BAF9D008AB52D /* 낙성대지구대_주간.mov */,
				B17761A4289B8ED7008AB52D /* 관악구청남쪽_주간.mov */,
				B17761A2289B82F8008AB52D /* 롯데시네마앞_주간.mov */,
				B107ED4B288116650071DE5E /* 0715 관정1.mov */,
				B107ED4C288116650071DE5E /* 0715 관정2.mov */,
			);
			path = ReplayData;
			sourceTree = "<group>";
		};
		B1CF43FD287FAE9A0002B733 = {
			isa = PBXGroup;
			children = (
				B107ED4D28811BCC0071DE5E /* ReplayData */,
				B1CF4408287FAE9A0002B733 /* voyager */,
				B1CF4407287FAE9A0002B733 /* Products */,
				DD5AADC408E156858BBFB3EC /* Pods */,
				C51FFE389DC405B2C5419F04 /* Frameworks */,
			);
			sourceTree = "<group>";
		};
		B1CF4407287FAE9A0002B733 /* Products */ = {
			isa = PBXGroup;
			children = (
				B1CF4406287FAE9A0002B733 /* voyager.app */,
			);
			name = Products;
			sourceTree = "<group>";
		};
		B1CF4408287FAE9A0002B733 /* voyager */ = {
			isa = PBXGroup;
			children = (
				B1CF4409287FAE9A0002B733 /* AppDelegate.swift */,
				B1CF440B287FAE9A0002B733 /* SceneDelegate.swift */,
				B1CF440D287FAE9A0002B733 /* ViewController.swift */,
				B12BDE872890F6B7003361A8 /* ARReceiver.swift */,
				B12BDE83288FAA95003361A8 /* DepthSaver.swift */,
				B12BDE85288FB6CA003361A8 /* LoopClock.swift */,
				B12BDE8B2891131F003361A8 /* K.swift */,
				B17761A0289A1407008AB52D /* ImageResizeExtension.swift */,
				B12BDE8928910A3A003361A8 /* Server.swift */,
				B17BF217289D5D1900CA7ABA /* ServerData.swift */,
				B1CF440F287FAE9A0002B733 /* Main.storyboard */,
				B1CF4412287FAE9B0002B733 /* Assets.xcassets */,
				B1CF4414287FAE9B0002B733 /* LaunchScreen.storyboard */,
				B1CF4417287FAE9B0002B733 /* Info.plist */,
				B12BDE8D28911369003361A8 /* secrets.plist */,
			);
			path = voyager;
			sourceTree = "<group>";
		};
		C51FFE389DC405B2C5419F04 /* Frameworks */ = {
			isa = PBXGroup;
			children = (
				62F392FD73744213AF29CE1B /* Pods_voyager.framework */,
			);
			name = Frameworks;
			sourceTree = "<group>";
		};
		DD5AADC408E156858BBFB3EC /* Pods */ = {
			isa = PBXGroup;
			children = (
				B7C1925B3399987118A0E195 /* Pods-voyager.debug.xcconfig */,
				9A45C0A51F67BE2A04A408B5 /* Pods-voyager.release.xcconfig */,
			);
			path = Pods;
			sourceTree = "<group>";
		};
/* End PBXGroup section */

/* Begin PBXNativeTarget section */
		B1CF4405287FAE9A0002B733 /* voyager */ = {
			isa = PBXNativeTarget;
			buildConfigurationList = B1CF441A287FAE9B0002B733 /* Build configuration list for PBXNativeTarget "voyager" */;
			buildPhases = (
				FBA3728873FD26C122E149A1 /* [CP] Check Pods Manifest.lock */,
				B1CF4402287FAE9A0002B733 /* Sources */,
				B1CF4403287FAE9A0002B733 /* Frameworks */,
				B1CF4404287FAE9A0002B733 /* Resources */,
				C470A3EAAA02BFD2CEBFAC64 /* [CP] Embed Pods Frameworks */,
			);
			buildRules = (
			);
			dependencies = (
			);
			name = voyager;
			productName = voyager;
			productReference = B1CF4406287FAE9A0002B733 /* voyager.app */;
			productType = "com.apple.product-type.application";
		};
/* End PBXNativeTarget section */

/* Begin PBXProject section */
		B1CF43FE287FAE9A0002B733 /* Project object */ = {
			isa = PBXProject;
			attributes = {
				BuildIndependentTargetsInParallel = 1;
				LastSwiftUpdateCheck = 1340;
				LastUpgradeCheck = 1340;
				TargetAttributes = {
					B1CF4405287FAE9A0002B733 = {
						CreatedOnToolsVersion = 13.4;
					};
				};
			};
			buildConfigurationList = B1CF4401287FAE9A0002B733 /* Build configuration list for PBXProject "voyager" */;
			compatibilityVersion = "Xcode 13.0";
			developmentRegion = en;
			hasScannedForEncodings = 0;
			knownRegions = (
				en,
				Base,
			);
			mainGroup = B1CF43FD287FAE9A0002B733;
			productRefGroup = B1CF4407287FAE9A0002B733 /* Products */;
			projectDirPath = "";
			projectRoot = "";
			targets = (
				B1CF4405287FAE9A0002B733 /* voyager */,
			);
		};
/* End PBXProject section */

/* Begin PBXResourcesBuildPhase section */
		B1CF4404287FAE9A0002B733 /* Resources */ = {
			isa = PBXResourcesBuildPhase;
			buildActionMask = 2147483647;
			files = (
				B17761A5289B8ED7008AB52D /* 관악구청남쪽_주간.mov in Resources */,
				B17761A3289B82F8008AB52D /* 롯데시네마앞_주간.mov in Resources */,
				B12BDE8E28911369003361A8 /* secrets.plist in Resources */,
				B1CF4416287FAE9B0002B733 /* LaunchScreen.storyboard in Resources */,
				B17761A7289BAF9D008AB52D /* 낙성대지구대_주간.mov in Resources */,
				B1CF4413287FAE9B0002B733 /* Assets.xcassets in Resources */,
				B1CF4411287FAE9A0002B733 /* Main.storyboard in Resources */,
			);
			runOnlyForDeploymentPostprocessing = 0;
		};
/* End PBXResourcesBuildPhase section */

/* Begin PBXShellScriptBuildPhase section */
		C470A3EAAA02BFD2CEBFAC64 /* [CP] Embed Pods Frameworks */ = {
			isa = PBXShellScriptBuildPhase;
			buildActionMask = 2147483647;
			files = (
			);
			inputFileListPaths = (
				"${PODS_ROOT}/Target Support Files/Pods-voyager/Pods-voyager-frameworks-${CONFIGURATION}-input-files.xcfilelist",
			);
			name = "[CP] Embed Pods Frameworks";
			outputFileListPaths = (
				"${PODS_ROOT}/Target Support Files/Pods-voyager/Pods-voyager-frameworks-${CONFIGURATION}-output-files.xcfilelist",
			);
			runOnlyForDeploymentPostprocessing = 0;
			shellPath = /bin/sh;
			shellScript = "\"${PODS_ROOT}/Target Support Files/Pods-voyager/Pods-voyager-frameworks.sh\"\n";
			showEnvVarsInLog = 0;
		};
		FBA3728873FD26C122E149A1 /* [CP] Check Pods Manifest.lock */ = {
			isa = PBXShellScriptBuildPhase;
			buildActionMask = 2147483647;
			files = (
			);
			inputFileListPaths = (
			);
			inputPaths = (
				"${PODS_PODFILE_DIR_PATH}/Podfile.lock",
				"${PODS_ROOT}/Manifest.lock",
			);
			name = "[CP] Check Pods Manifest.lock";
			outputFileListPaths = (
			);
			outputPaths = (
				"$(DERIVED_FILE_DIR)/Pods-voyager-checkManifestLockResult.txt",
			);
			runOnlyForDeploymentPostprocessing = 0;
			shellPath = /bin/sh;
			shellScript = "diff \"${PODS_PODFILE_DIR_PATH}/Podfile.lock\" \"${PODS_ROOT}/Manifest.lock\" > /dev/null\nif [ $? != 0 ] ; then\n    # print error to STDERR\n    echo \"error: The sandbox is not in sync with the Podfile.lock. Run 'pod install' or update your CocoaPods installation.\" >&2\n    exit 1\nfi\n# This output is used by Xcode 'outputs' to avoid re-running this script phase.\necho \"SUCCESS\" > \"${SCRIPT_OUTPUT_FILE_0}\"\n";
			showEnvVarsInLog = 0;
		};
/* End PBXShellScriptBuildPhase section */

/* Begin PBXSourcesBuildPhase section */
		B1CF4402287FAE9A0002B733 /* Sources */ = {
			isa = PBXSourcesBuildPhase;
			buildActionMask = 2147483647;
			files = (
				B17BF218289D5D1900CA7ABA /* ServerData.swift in Sources */,
				B12BDE8A28910A3A003361A8 /* Server.swift in Sources */,
				B1CF440E287FAE9A0002B733 /* ViewController.swift in Sources */,
				B12BDE882890F6B7003361A8 /* ARReceiver.swift in Sources */,
				B17761A1289A1407008AB52D /* ImageResizeExtension.swift in Sources */,
				B12BDE84288FAA95003361A8 /* DepthSaver.swift in Sources */,
				B1CF440A287FAE9A0002B733 /* AppDelegate.swift in Sources */,
				B12BDE8C2891131F003361A8 /* K.swift in Sources */,
				B1CF440C287FAE9A0002B733 /* SceneDelegate.swift in Sources */,
				B12BDE86288FB6CA003361A8 /* LoopClock.swift in Sources */,
			);
			runOnlyForDeploymentPostprocessing = 0;
		};
/* End PBXSourcesBuildPhase section */

/* Begin PBXVariantGroup section */
		B1CF440F287FAE9A0002B733 /* Main.storyboard */ = {
			isa = PBXVariantGroup;
			children = (
				B1CF4410287FAE9A0002B733 /* Base */,
			);
			name = Main.storyboard;
			sourceTree = "<group>";
		};
		B1CF4414287FAE9B0002B733 /* LaunchScreen.storyboard */ = {
			isa = PBXVariantGroup;
			children = (
				B1CF4415287FAE9B0002B733 /* Base */,
			);
			name = LaunchScreen.storyboard;
			sourceTree = "<group>";
		};
/* End PBXVariantGroup section */

/* Begin XCBuildConfiguration section */
		B1CF4418287FAE9B0002B733 /* Debug */ = {
			isa = XCBuildConfiguration;
			buildSettings = {
				ALWAYS_SEARCH_USER_PATHS = NO;
				CLANG_ANALYZER_NONNULL = YES;
				CLANG_ANALYZER_NUMBER_OBJECT_CONVERSION = YES_AGGRESSIVE;
				CLANG_CXX_LANGUAGE_STANDARD = "gnu++17";
				CLANG_ENABLE_MODULES = YES;
				CLANG_ENABLE_OBJC_ARC = YES;
				CLANG_ENABLE_OBJC_WEAK = YES;
				CLANG_WARN_BLOCK_CAPTURE_AUTORELEASING = YES;
				CLANG_WARN_BOOL_CONVERSION = YES;
				CLANG_WARN_COMMA = YES;
				CLANG_WARN_CONSTANT_CONVERSION = YES;
				CLANG_WARN_DEPRECATED_OBJC_IMPLEMENTATIONS = YES;
				CLANG_WARN_DIRECT_OBJC_ISA_USAGE = YES_ERROR;
				CLANG_WARN_DOCUMENTATION_COMMENTS = YES;
				CLANG_WARN_EMPTY_BODY = YES;
				CLANG_WARN_ENUM_CONVERSION = YES;
				CLANG_WARN_INFINITE_RECURSION = YES;
				CLANG_WARN_INT_CONVERSION = YES;
				CLANG_WARN_NON_LITERAL_NULL_CONVERSION = YES;
				CLANG_WARN_OBJC_IMPLICIT_RETAIN_SELF = YES;
				CLANG_WARN_OBJC_LITERAL_CONVERSION = YES;
				CLANG_WARN_OBJC_ROOT_CLASS = YES_ERROR;
				CLANG_WARN_QUOTED_INCLUDE_IN_FRAMEWORK_HEADER = YES;
				CLANG_WARN_RANGE_LOOP_ANALYSIS = YES;
				CLANG_WARN_STRICT_PROTOTYPES = YES;
				CLANG_WARN_SUSPICIOUS_MOVE = YES;
				CLANG_WARN_UNGUARDED_AVAILABILITY = YES_AGGRESSIVE;
				CLANG_WARN_UNREACHABLE_CODE = YES;
				CLANG_WARN__DUPLICATE_METHOD_MATCH = YES;
				COPY_PHASE_STRIP = NO;
				DEBUG_INFORMATION_FORMAT = dwarf;
				ENABLE_STRICT_OBJC_MSGSEND = YES;
				ENABLE_TESTABILITY = YES;
				GCC_C_LANGUAGE_STANDARD = gnu11;
				GCC_DYNAMIC_NO_PIC = NO;
				GCC_NO_COMMON_BLOCKS = YES;
				GCC_OPTIMIZATION_LEVEL = 0;
				GCC_PREPROCESSOR_DEFINITIONS = (
					"DEBUG=1",
					"$(inherited)",
				);
				GCC_WARN_64_TO_32_BIT_CONVERSION = YES;
				GCC_WARN_ABOUT_RETURN_TYPE = YES_ERROR;
				GCC_WARN_UNDECLARED_SELECTOR = YES;
				GCC_WARN_UNINITIALIZED_AUTOS = YES_AGGRESSIVE;
				GCC_WARN_UNUSED_FUNCTION = YES;
				GCC_WARN_UNUSED_VARIABLE = YES;
				IPHONEOS_DEPLOYMENT_TARGET = 15.5;
				MTL_ENABLE_DEBUG_INFO = INCLUDE_SOURCE;
				MTL_FAST_MATH = YES;
				ONLY_ACTIVE_ARCH = YES;
				SDKROOT = iphoneos;
				SWIFT_ACTIVE_COMPILATION_CONDITIONS = DEBUG;
				SWIFT_OPTIMIZATION_LEVEL = "-Onone";
			};
			name = Debug;
		};
		B1CF4419287FAE9B0002B733 /* Release */ = {
			isa = XCBuildConfiguration;
			buildSettings = {
				ALWAYS_SEARCH_USER_PATHS = NO;
				CLANG_ANALYZER_NONNULL = YES;
				CLANG_ANALYZER_NUMBER_OBJECT_CONVERSION = YES_AGGRESSIVE;
				CLANG_CXX_LANGUAGE_STANDARD = "gnu++17";
				CLANG_ENABLE_MODULES = YES;
				CLANG_ENABLE_OBJC_ARC = YES;
				CLANG_ENABLE_OBJC_WEAK = YES;
				CLANG_WARN_BLOCK_CAPTURE_AUTORELEASING = YES;
				CLANG_WARN_BOOL_CONVERSION = YES;
				CLANG_WARN_COMMA = YES;
				CLANG_WARN_CONSTANT_CONVERSION = YES;
				CLANG_WARN_DEPRECATED_OBJC_IMPLEMENTATIONS = YES;
				CLANG_WARN_DIRECT_OBJC_ISA_USAGE = YES_ERROR;
				CLANG_WARN_DOCUMENTATION_COMMENTS = YES;
				CLANG_WARN_EMPTY_BODY = YES;
				CLANG_WARN_ENUM_CONVERSION = YES;
				CLANG_WARN_INFINITE_RECURSION = YES;
				CLANG_WARN_INT_CONVERSION = YES;
				CLANG_WARN_NON_LITERAL_NULL_CONVERSION = YES;
				CLANG_WARN_OBJC_IMPLICIT_RETAIN_SELF = YES;
				CLANG_WARN_OBJC_LITERAL_CONVERSION = YES;
				CLANG_WARN_OBJC_ROOT_CLASS = YES_ERROR;
				CLANG_WARN_QUOTED_INCLUDE_IN_FRAMEWORK_HEADER = YES;
				CLANG_WARN_RANGE_LOOP_ANALYSIS = YES;
				CLANG_WARN_STRICT_PROTOTYPES = YES;
				CLANG_WARN_SUSPICIOUS_MOVE = YES;
				CLANG_WARN_UNGUARDED_AVAILABILITY = YES_AGGRESSIVE;
				CLANG_WARN_UNREACHABLE_CODE = YES;
				CLANG_WARN__DUPLICATE_METHOD_MATCH = YES;
				COPY_PHASE_STRIP = NO;
				DEBUG_INFORMATION_FORMAT = "dwarf-with-dsym";
				ENABLE_NS_ASSERTIONS = NO;
				ENABLE_STRICT_OBJC_MSGSEND = YES;
				GCC_C_LANGUAGE_STANDARD = gnu11;
				GCC_NO_COMMON_BLOCKS = YES;
				GCC_WARN_64_TO_32_BIT_CONVERSION = YES;
				GCC_WARN_ABOUT_RETURN_TYPE = YES_ERROR;
				GCC_WARN_UNDECLARED_SELECTOR = YES;
				GCC_WARN_UNINITIALIZED_AUTOS = YES_AGGRESSIVE;
				GCC_WARN_UNUSED_FUNCTION = YES;
				GCC_WARN_UNUSED_VARIABLE = YES;
				IPHONEOS_DEPLOYMENT_TARGET = 15.5;
				MTL_ENABLE_DEBUG_INFO = NO;
				MTL_FAST_MATH = YES;
				SDKROOT = iphoneos;
				SWIFT_COMPILATION_MODE = wholemodule;
				SWIFT_OPTIMIZATION_LEVEL = "-O";
				VALIDATE_PRODUCT = YES;
			};
			name = Release;
		};
		B1CF441B287FAE9B0002B733 /* Debug */ = {
			isa = XCBuildConfiguration;
			baseConfigurationReference = B7C1925B3399987118A0E195 /* Pods-voyager.debug.xcconfig */;
			buildSettings = {
				ASSETCATALOG_COMPILER_APPICON_NAME = AppIcon;
				ASSETCATALOG_COMPILER_GLOBAL_ACCENT_COLOR_NAME = AccentColor;
				CODE_SIGN_STYLE = Automatic;
				CURRENT_PROJECT_VERSION = 1;
				DEVELOPMENT_TEAM = BAH6G9J739;
				GENERATE_INFOPLIST_FILE = YES;
				INFOPLIST_FILE = voyager/Info.plist;
				INFOPLIST_KEY_UIApplicationSupportsIndirectInputEvents = YES;
				INFOPLIST_KEY_UILaunchStoryboardName = LaunchScreen;
				INFOPLIST_KEY_UIMainStoryboardFile = Main;
				INFOPLIST_KEY_UISupportedInterfaceOrientations_iPad = "UIInterfaceOrientationPortrait UIInterfaceOrientationPortraitUpsideDown UIInterfaceOrientationLandscapeLeft UIInterfaceOrientationLandscapeRight";
				INFOPLIST_KEY_UISupportedInterfaceOrientations_iPhone = "UIInterfaceOrientationPortrait UIInterfaceOrientationLandscapeLeft UIInterfaceOrientationLandscapeRight";
				LD_RUNPATH_SEARCH_PATHS = (
					"$(inherited)",
					"@executable_path/Frameworks",
				);
				MARKETING_VERSION = 0.1;
				PRODUCT_BUNDLE_IDENTIFIER = com.mvp.voyager;
				PRODUCT_NAME = "$(TARGET_NAME)";
				SWIFT_EMIT_LOC_STRINGS = YES;
				SWIFT_VERSION = 5.0;
				TARGETED_DEVICE_FAMILY = "1,2";
			};
			name = Debug;
		};
		B1CF441C287FAE9B0002B733 /* Release */ = {
			isa = XCBuildConfiguration;
			baseConfigurationReference = 9A45C0A51F67BE2A04A408B5 /* Pods-voyager.release.xcconfig */;
			buildSettings = {
				ASSETCATALOG_COMPILER_APPICON_NAME = AppIcon;
				ASSETCATALOG_COMPILER_GLOBAL_ACCENT_COLOR_NAME = AccentColor;
				CODE_SIGN_STYLE = Automatic;
				CURRENT_PROJECT_VERSION = 1;
				DEVELOPMENT_TEAM = BAH6G9J739;
				GENERATE_INFOPLIST_FILE = YES;
				INFOPLIST_FILE = voyager/Info.plist;
				INFOPLIST_KEY_UIApplicationSupportsIndirectInputEvents = YES;
				INFOPLIST_KEY_UILaunchStoryboardName = LaunchScreen;
				INFOPLIST_KEY_UIMainStoryboardFile = Main;
				INFOPLIST_KEY_UISupportedInterfaceOrientations_iPad = "UIInterfaceOrientationPortrait UIInterfaceOrientationPortraitUpsideDown UIInterfaceOrientationLandscapeLeft UIInterfaceOrientationLandscapeRight";
				INFOPLIST_KEY_UISupportedInterfaceOrientations_iPhone = "UIInterfaceOrientationPortrait UIInterfaceOrientationLandscapeLeft UIInterfaceOrientationLandscapeRight";
				LD_RUNPATH_SEARCH_PATHS = (
					"$(inherited)",
					"@executable_path/Frameworks",
				);
				MARKETING_VERSION = 0.1;
				PRODUCT_BUNDLE_IDENTIFIER = com.mvp.voyager;
				PRODUCT_NAME = "$(TARGET_NAME)";
				SWIFT_EMIT_LOC_STRINGS = YES;
				SWIFT_VERSION = 5.0;
				TARGETED_DEVICE_FAMILY = "1,2";
			};
			name = Release;
		};
/* End XCBuildConfiguration section */

/* Begin XCConfigurationList section */
		B1CF4401287FAE9A0002B733 /* Build configuration list for PBXProject "voyager" */ = {
			isa = XCConfigurationList;
			buildConfigurations = (
				B1CF4418287FAE9B0002B733 /* Debug */,
				B1CF4419287FAE9B0002B733 /* Release */,
			);
			defaultConfigurationIsVisible = 0;
			defaultConfigurationName = Debug;
		};
		B1CF441A287FAE9B0002B733 /* Build configuration list for PBXNativeTarget "voyager" */ = {
			isa = XCConfigurationList;
			buildConfigurations = (
				B1CF441B287FAE9B0002B733 /* Debug */,
				B1CF441C287FAE9B0002B733 /* Release */,
			);
			defaultConfigurationIsVisible = 0;
			defaultConfigurationName = Debug;
		};
/* End XCConfigurationList section */
	};
	rootObject = B1CF43FE287FAE9A0002B733 /* Project object */;
}
